
Microsoft Visual Studio Solution File, Format Version 12.00
# Visual Studio 15
VisualStudioVersion = 15.0.28307.489
MinimumVisualStudioVersion = 10.0.40219.1
Project("{8BC9CEB8-8B4A-11D0-8D11-00A0C91BC942}") = "DriverDll", "DriverDll\DriverDll.vcxproj", "{3EEE80FE-191E-4D07-87FF-1A480BDA0D2D}"
EndProject
Global
	GlobalSection(SolutionConfigurationPlatforms) = preSolution
		Debug|ARM = Debug|ARM
		Debug|ARM64 = Debug|ARM64
		Debug|x64 = Debug|x64
		Debug|x86 = Debug|x86
		Release|ARM = Release|ARM
		Release|ARM64 = Release|ARM64
		Release|x64 = Release|x64
		Release|x86 = Release|x86
	EndGlobalSection
	GlobalSection(ProjectConfigurationPlatforms) = postSolution
		{3EEE80FE-191E-4D07-87FF-1A480BDA0D2D}.Debug|ARM.ActiveCfg = Debug|ARM
		{3EEE80FE-191E-4D07-87FF-1A480BDA0D2D}.Debug|ARM.Build.0 = Debug|ARM
		{3EEE80FE-191E-4D07-87FF-1A480BDA0D2D}.Debug|ARM64.ActiveCfg = Debug|ARM64
		{3EEE80FE-191E-4D07-87FF-1A480BDA0D2D}.Debug|ARM64.Build.0 = Debug|ARM64
		{3EEE80FE-191E-4D07-87FF-1A480BDA0D2D}.Debug|x64.ActiveCfg = Debug|x64
		{3EEE80FE-191E-4D07-87FF-1A480BDA0D2D}.Debug|x64.Build.0 = Debug|x64
		{3EEE80FE-191E-4D07-87FF-1A480BDA0D2D}.Debug|x86.ActiveCfg = Debug|Win32
		{3EEE80FE-191E-4D07-87FF-1A480BDA0D2D}.Debug|x86.Build.0 = Debug|Win32
		{3EEE80FE-191E-4D07-87FF-1A480BDA0D2D}.Release|ARM.ActiveCfg = Release|ARM
		{3EEE80FE-191E-4D07-87FF-1A480BDA0D2D}.Release|ARM.Build.0 = Release|ARM
		{3EEE80FE-191E-4D07-87FF-1A480BDA0D2D}.Release|ARM64.ActiveCfg = Release|ARM64
		{3EEE80FE-191E-4D07-87FF-1A480BDA0D2D}.Release|ARM64.Build.0 = Release|ARM64
		{3EEE80FE-191E-4D07-87FF-1A480BDA0D2D}.Release|x64.ActiveCfg = Release|x64
		{3EEE80FE-191E-4D07-87FF-1A480BDA0D2D}.Release|x64.Build.0 = Release|x64
		{3EEE80FE-191E-4D07-87FF-1A480BDA0D2D}.Release|x86.ActiveCfg = Release|Win32
		{3EEE80FE-191E-4D07-87FF-1A480BDA0D2D}.Release|x86.Build.0 = Release|Win32
	EndGlobalSection
	GlobalSection(SolutionProperties) = preSolution
		HideSolutionNode = FALSE
	EndGlobalSection
	GlobalSection(ExtensibilityGlobals) = postSolution
		SolutionGuid = {965EF180-62BB-4BD0-B0FE-A5FB2ABA3320}
	EndGlobalSection
EndGlobal
