
Microsoft Visual Studio Solution File, Format Version 12.00
# Visual Studio 15
VisualStudioVersion = 15.0.28307.489
MinimumVisualStudioVersion = 10.0.40219.1
Project("{8BC9CEB8-8B4A-11D0-8D11-00A0C91BC942}") = "InjectDll", "InjectDll\InjectDll.vcxproj", "{5426BAAE-3DCE-4CA2-863F-9BAC79F28C49}"
EndProject
Global
	GlobalSection(SolutionConfigurationPlatforms) = preSolution
		Debug|x64 = Debug|x64
		Debug|x86 = Debug|x86
		Release|x64 = Release|x64
		Release|x86 = Release|x86
	EndGlobalSection
	GlobalSection(ProjectConfigurationPlatforms) = postSolution
		{5426BAAE-3DCE-4CA2-863F-9BAC79F28C49}.Debug|x64.ActiveCfg = Debug|x64
		{5426BAAE-3DCE-4CA2-863F-9BAC79F28C49}.Debug|x64.Build.0 = Debug|x64
		{5426BAAE-3DCE-4CA2-863F-9BAC79F28C49}.Debug|x86.ActiveCfg = Debug|Win32
		{5426BAAE-3DCE-4CA2-863F-9BAC79F28C49}.Debug|x86.Build.0 = Debug|Win32
		{5426BAAE-3DCE-4CA2-863F-9BAC79F28C49}.Release|x64.ActiveCfg = Release|x64
		{5426BAAE-3DCE-4CA2-863F-9BAC79F28C49}.Release|x64.Build.0 = Release|x64
		{5426BAAE-3DCE-4CA2-863F-9BAC79F28C49}.Release|x86.ActiveCfg = Release|Win32
		{5426BAAE-3DCE-4CA2-863F-9BAC79F28C49}.Release|x86.Build.0 = Release|Win32
	EndGlobalSection
	GlobalSection(SolutionProperties) = preSolution
		HideSolutionNode = FALSE
	EndGlobalSection
	GlobalSection(ExtensibilityGlobals) = postSolution
		SolutionGuid = {A066D9BE-E350-47F5-80E9-D83CC9BA79B8}
	EndGlobalSection
EndGlobal
