
Microsoft Visual Studio Solution File, Format Version 12.00
# Visual Studio 15
VisualStudioVersion = 15.0.28307.489
MinimumVisualStudioVersion = 10.0.40219.1
Project("{8BC9CEB8-8B4A-11D0-8D11-00A0C91BC942}") = "ExplicitDLL", "ExplicitDLL\ExplicitDLL.vcxproj", "{8E1D2861-4F0B-4D21-96E6-1C6E2AF52404}"
EndProject
Global
	GlobalSection(SolutionConfigurationPlatforms) = preSolution
		Debug|x64 = Debug|x64
		Debug|x86 = Debug|x86
		Release|x64 = Release|x64
		Release|x86 = Release|x86
	EndGlobalSection
	GlobalSection(ProjectConfigurationPlatforms) = postSolution
		{8E1D2861-4F0B-4D21-96E6-1C6E2AF52404}.Debug|x64.ActiveCfg = Debug|x64
		{8E1D2861-4F0B-4D21-96E6-1C6E2AF52404}.Debug|x64.Build.0 = Debug|x64
		{8E1D2861-4F0B-4D21-96E6-1C6E2AF52404}.Debug|x86.ActiveCfg = Debug|Win32
		{8E1D2861-4F0B-4D21-96E6-1C6E2AF52404}.Debug|x86.Build.0 = Debug|Win32
		{8E1D2861-4F0B-4D21-96E6-1C6E2AF52404}.Release|x64.ActiveCfg = Release|x64
		{8E1D2861-4F0B-4D21-96E6-1C6E2AF52404}.Release|x64.Build.0 = Release|x64
		{8E1D2861-4F0B-4D21-96E6-1C6E2AF52404}.Release|x86.ActiveCfg = Release|Win32
		{8E1D2861-4F0B-4D21-96E6-1C6E2AF52404}.Release|x86.Build.0 = Release|Win32
	EndGlobalSection
	GlobalSection(SolutionProperties) = preSolution
		HideSolutionNode = FALSE
	EndGlobalSection
	GlobalSection(ExtensibilityGlobals) = postSolution
		SolutionGuid = {FEBA0A44-37D2-4689-A8E5-C2EE127BF81B}
	EndGlobalSection
EndGlobal
